# THIS IS AN AUTOGENERATED FILE. DO NOT EDIT THIS FILE DIRECTLY.
# yarn lockfile v1


"@types/jquery@^3.5.14":
  "integrity" "sha512-X1gtMRMbziVQkErhTQmSe2jFwwENA/Zr+PprCkF63vFq+Yt5PZ4AlKqgmeNlwgn7dhsXEK888eIW2520EpC+xg=="
  "resolved" "https://registry.npmjs.org/@types/jquery/-/jquery-3.5.14.tgz"
  "version" "3.5.14"
  dependencies:
    "@types/sizzle" "*"

"@types/sizzle@*":
  "integrity" "sha512-JYM8x9EGF163bEyhdJBpR2QX1R5naCJHC8ucJylJ3w9/CVBaskdQ8WqBf8MmQrd1kRvp/a4TS8HJ+bxzR7ZJYQ=="
  "resolved" "https://registry.npmjs.org/@types/sizzle/-/sizzle-2.3.3.tgz"
  "version" "2.3.3"
